
Microsoft Visual Studio Solution File, Format Version 12.00
# Visual Studio 15
VisualStudioVersion = 15.0.26124.0
MinimumVisualStudioVersion = 15.0.26124.0
Project("{2150E333-8FDC-42A3-9474-1A3956D46DE8}") = "src", "src", "{98A271D2-8AAB-415C-B8DD-C4A29EFBCA8D}"
EndProject
Project("{FAE04EC0-301F-11D3-BF4B-00C04F79EFBC}") = "ComItConnect.Admin", "src\ComItConnect.Admin\ComItConnect.Admin.csproj", "{DE90D377-D13D-4AEB-AB76-4BFD7ADF291A}"
EndProject
Project("{FAE04EC0-301F-11D3-BF4B-00C04F79EFBC}") = "ComItConnect.STS.Identity", "src\ComItConnect.STS.Identity\ComItConnect.STS.Identity.csproj", "{0EF1CD6B-AEA4-4385-A1EE-AB6A380E66B4}"
EndProject
Project("{FAE04EC0-301F-11D3-BF4B-00C04F79EFBC}") = "ComItConnect.Admin.Api", "src\ComItConnect.Admin.Api\ComItConnect.Admin.Api.csproj", "{2EDDA308-6EF0-4C29-8103-3ABC79BC2F5F}"
EndProject
Project("{FAE04EC0-301F-11D3-BF4B-00C04F79EFBC}") = "ComItConnect.Admin.EntityFramework.Shared", "src\ComItConnect.Admin.EntityFramework.Shared\ComItConnect.Admin.EntityFramework.Shared.csproj", "{047E7D16-B416-4FF8-9C28-BBB5A2D9F303}"
EndProject
Project("{FAE04EC0-301F-11D3-BF4B-00C04F79EFBC}") = "ComItConnect.Admin.EntityFramework.MySql", "src\ComItConnect.Admin.EntityFramework.MySql\ComItConnect.Admin.EntityFramework.MySql.csproj", "{75C0C178-5A08-428F-AD11-85F750CE3921}"
EndProject
Project("{FAE04EC0-301F-11D3-BF4B-00C04F79EFBC}") = "ComItConnect.Admin.EntityFramework.PostgreSQL", "src\ComItConnect.Admin.EntityFramework.PostgreSQL\ComItConnect.Admin.EntityFramework.PostgreSQL.csproj", "{99904622-B52D-45F6-AC4D-4C35C730D335}"
EndProject
Project("{FAE04EC0-301F-11D3-BF4B-00C04F79EFBC}") = "ComItConnect.Admin.EntityFramework.SqlServer", "src\ComItConnect.Admin.EntityFramework.SqlServer\ComItConnect.Admin.EntityFramework.SqlServer.csproj", "{F7A69543-FB38-4FD3-BD5B-FF97BEF4CC12}"
EndProject
Project("{FAE04EC0-301F-11D3-BF4B-00C04F79EFBC}") = "ComItConnect.Shared", "src\ComItConnect.Shared\ComItConnect.Shared.csproj", "{1FD4A745-21F1-401D-AD37-275841EF1182}"
EndProject
Global
	GlobalSection(SolutionConfigurationPlatforms) = preSolution
		Debug|Any CPU = Debug|Any CPU
		Debug|x64 = Debug|x64
		Debug|x86 = Debug|x86
		Release|Any CPU = Release|Any CPU
		Release|x64 = Release|x64
		Release|x86 = Release|x86
	EndGlobalSection
	GlobalSection(SolutionProperties) = preSolution
		HideSolutionNode = FALSE
	EndGlobalSection
	GlobalSection(ProjectConfigurationPlatforms) = postSolution
		{DE90D377-D13D-4AEB-AB76-4BFD7ADF291A}.Debug|Any CPU.ActiveCfg = Debug|Any CPU
		{DE90D377-D13D-4AEB-AB76-4BFD7ADF291A}.Debug|Any CPU.Build.0 = Debug|Any CPU
		{DE90D377-D13D-4AEB-AB76-4BFD7ADF291A}.Debug|x64.ActiveCfg = Debug|Any CPU
		{DE90D377-D13D-4AEB-AB76-4BFD7ADF291A}.Debug|x64.Build.0 = Debug|Any CPU
		{DE90D377-D13D-4AEB-AB76-4BFD7ADF291A}.Debug|x86.ActiveCfg = Debug|Any CPU
		{DE90D377-D13D-4AEB-AB76-4BFD7ADF291A}.Debug|x86.Build.0 = Debug|Any CPU
		{DE90D377-D13D-4AEB-AB76-4BFD7ADF291A}.Release|Any CPU.ActiveCfg = Release|Any CPU
		{DE90D377-D13D-4AEB-AB76-4BFD7ADF291A}.Release|Any CPU.Build.0 = Release|Any CPU
		{DE90D377-D13D-4AEB-AB76-4BFD7ADF291A}.Release|x64.ActiveCfg = Release|Any CPU
		{DE90D377-D13D-4AEB-AB76-4BFD7ADF291A}.Release|x64.Build.0 = Release|Any CPU
		{DE90D377-D13D-4AEB-AB76-4BFD7ADF291A}.Release|x86.ActiveCfg = Release|Any CPU
		{DE90D377-D13D-4AEB-AB76-4BFD7ADF291A}.Release|x86.Build.0 = Release|Any CPU
		{0EF1CD6B-AEA4-4385-A1EE-AB6A380E66B4}.Debug|Any CPU.ActiveCfg = Debug|Any CPU
		{0EF1CD6B-AEA4-4385-A1EE-AB6A380E66B4}.Debug|Any CPU.Build.0 = Debug|Any CPU
		{0EF1CD6B-AEA4-4385-A1EE-AB6A380E66B4}.Debug|x64.ActiveCfg = Debug|Any CPU
		{0EF1CD6B-AEA4-4385-A1EE-AB6A380E66B4}.Debug|x64.Build.0 = Debug|Any CPU
		{0EF1CD6B-AEA4-4385-A1EE-AB6A380E66B4}.Debug|x86.ActiveCfg = Debug|Any CPU
		{0EF1CD6B-AEA4-4385-A1EE-AB6A380E66B4}.Debug|x86.Build.0 = Debug|Any CPU
		{0EF1CD6B-AEA4-4385-A1EE-AB6A380E66B4}.Release|Any CPU.ActiveCfg = Release|Any CPU
		{0EF1CD6B-AEA4-4385-A1EE-AB6A380E66B4}.Release|Any CPU.Build.0 = Release|Any CPU
		{0EF1CD6B-AEA4-4385-A1EE-AB6A380E66B4}.Release|x64.ActiveCfg = Release|Any CPU
		{0EF1CD6B-AEA4-4385-A1EE-AB6A380E66B4}.Release|x64.Build.0 = Release|Any CPU
		{0EF1CD6B-AEA4-4385-A1EE-AB6A380E66B4}.Release|x86.ActiveCfg = Release|Any CPU
		{0EF1CD6B-AEA4-4385-A1EE-AB6A380E66B4}.Release|x86.Build.0 = Release|Any CPU
		{2EDDA308-6EF0-4C29-8103-3ABC79BC2F5F}.Debug|Any CPU.ActiveCfg = Debug|Any CPU
		{2EDDA308-6EF0-4C29-8103-3ABC79BC2F5F}.Debug|Any CPU.Build.0 = Debug|Any CPU
		{2EDDA308-6EF0-4C29-8103-3ABC79BC2F5F}.Debug|x64.ActiveCfg = Debug|Any CPU
		{2EDDA308-6EF0-4C29-8103-3ABC79BC2F5F}.Debug|x64.Build.0 = Debug|Any CPU
		{2EDDA308-6EF0-4C29-8103-3ABC79BC2F5F}.Debug|x86.ActiveCfg = Debug|Any CPU
		{2EDDA308-6EF0-4C29-8103-3ABC79BC2F5F}.Debug|x86.Build.0 = Debug|Any CPU
		{2EDDA308-6EF0-4C29-8103-3ABC79BC2F5F}.Release|Any CPU.ActiveCfg = Release|Any CPU
		{2EDDA308-6EF0-4C29-8103-3ABC79BC2F5F}.Release|Any CPU.Build.0 = Release|Any CPU
		{2EDDA308-6EF0-4C29-8103-3ABC79BC2F5F}.Release|x64.ActiveCfg = Release|Any CPU
		{2EDDA308-6EF0-4C29-8103-3ABC79BC2F5F}.Release|x64.Build.0 = Release|Any CPU
		{2EDDA308-6EF0-4C29-8103-3ABC79BC2F5F}.Release|x86.ActiveCfg = Release|Any CPU
		{2EDDA308-6EF0-4C29-8103-3ABC79BC2F5F}.Release|x86.Build.0 = Release|Any CPU
		{047E7D16-B416-4FF8-9C28-BBB5A2D9F303}.Debug|Any CPU.ActiveCfg = Debug|Any CPU
		{047E7D16-B416-4FF8-9C28-BBB5A2D9F303}.Debug|Any CPU.Build.0 = Debug|Any CPU
		{047E7D16-B416-4FF8-9C28-BBB5A2D9F303}.Debug|x64.ActiveCfg = Debug|Any CPU
		{047E7D16-B416-4FF8-9C28-BBB5A2D9F303}.Debug|x64.Build.0 = Debug|Any CPU
		{047E7D16-B416-4FF8-9C28-BBB5A2D9F303}.Debug|x86.ActiveCfg = Debug|Any CPU
		{047E7D16-B416-4FF8-9C28-BBB5A2D9F303}.Debug|x86.Build.0 = Debug|Any CPU
		{047E7D16-B416-4FF8-9C28-BBB5A2D9F303}.Release|Any CPU.ActiveCfg = Release|Any CPU
		{047E7D16-B416-4FF8-9C28-BBB5A2D9F303}.Release|Any CPU.Build.0 = Release|Any CPU
		{047E7D16-B416-4FF8-9C28-BBB5A2D9F303}.Release|x64.ActiveCfg = Release|Any CPU
		{047E7D16-B416-4FF8-9C28-BBB5A2D9F303}.Release|x64.Build.0 = Release|Any CPU
		{047E7D16-B416-4FF8-9C28-BBB5A2D9F303}.Release|x86.ActiveCfg = Release|Any CPU
		{047E7D16-B416-4FF8-9C28-BBB5A2D9F303}.Release|x86.Build.0 = Release|Any CPU
		{75C0C178-5A08-428F-AD11-85F750CE3921}.Debug|Any CPU.ActiveCfg = Debug|Any CPU
		{75C0C178-5A08-428F-AD11-85F750CE3921}.Debug|Any CPU.Build.0 = Debug|Any CPU
		{75C0C178-5A08-428F-AD11-85F750CE3921}.Debug|x64.ActiveCfg = Debug|Any CPU
		{75C0C178-5A08-428F-AD11-85F750CE3921}.Debug|x64.Build.0 = Debug|Any CPU
		{75C0C178-5A08-428F-AD11-85F750CE3921}.Debug|x86.ActiveCfg = Debug|Any CPU
		{75C0C178-5A08-428F-AD11-85F750CE3921}.Debug|x86.Build.0 = Debug|Any CPU
		{75C0C178-5A08-428F-AD11-85F750CE3921}.Release|Any CPU.ActiveCfg = Release|Any CPU
		{75C0C178-5A08-428F-AD11-85F750CE3921}.Release|Any CPU.Build.0 = Release|Any CPU
		{75C0C178-5A08-428F-AD11-85F750CE3921}.Release|x64.ActiveCfg = Release|Any CPU
		{75C0C178-5A08-428F-AD11-85F750CE3921}.Release|x64.Build.0 = Release|Any CPU
		{75C0C178-5A08-428F-AD11-85F750CE3921}.Release|x86.ActiveCfg = Release|Any CPU
		{75C0C178-5A08-428F-AD11-85F750CE3921}.Release|x86.Build.0 = Release|Any CPU
		{99904622-B52D-45F6-AC4D-4C35C730D335}.Debug|Any CPU.ActiveCfg = Debug|Any CPU
		{99904622-B52D-45F6-AC4D-4C35C730D335}.Debug|Any CPU.Build.0 = Debug|Any CPU
		{99904622-B52D-45F6-AC4D-4C35C730D335}.Debug|x64.ActiveCfg = Debug|Any CPU
		{99904622-B52D-45F6-AC4D-4C35C730D335}.Debug|x64.Build.0 = Debug|Any CPU
		{99904622-B52D-45F6-AC4D-4C35C730D335}.Debug|x86.ActiveCfg = Debug|Any CPU
		{99904622-B52D-45F6-AC4D-4C35C730D335}.Debug|x86.Build.0 = Debug|Any CPU
		{99904622-B52D-45F6-AC4D-4C35C730D335}.Release|Any CPU.ActiveCfg = Release|Any CPU
		{99904622-B52D-45F6-AC4D-4C35C730D335}.Release|Any CPU.Build.0 = Release|Any CPU
		{99904622-B52D-45F6-AC4D-4C35C730D335}.Release|x64.ActiveCfg = Release|Any CPU
		{99904622-B52D-45F6-AC4D-4C35C730D335}.Release|x64.Build.0 = Release|Any CPU
		{99904622-B52D-45F6-AC4D-4C35C730D335}.Release|x86.ActiveCfg = Release|Any CPU
		{99904622-B52D-45F6-AC4D-4C35C730D335}.Release|x86.Build.0 = Release|Any CPU
		{F7A69543-FB38-4FD3-BD5B-FF97BEF4CC12}.Debug|Any CPU.ActiveCfg = Debug|Any CPU
		{F7A69543-FB38-4FD3-BD5B-FF97BEF4CC12}.Debug|Any CPU.Build.0 = Debug|Any CPU
		{F7A69543-FB38-4FD3-BD5B-FF97BEF4CC12}.Debug|x64.ActiveCfg = Debug|Any CPU
		{F7A69543-FB38-4FD3-BD5B-FF97BEF4CC12}.Debug|x64.Build.0 = Debug|Any CPU
		{F7A69543-FB38-4FD3-BD5B-FF97BEF4CC12}.Debug|x86.ActiveCfg = Debug|Any CPU
		{F7A69543-FB38-4FD3-BD5B-FF97BEF4CC12}.Debug|x86.Build.0 = Debug|Any CPU
		{F7A69543-FB38-4FD3-BD5B-FF97BEF4CC12}.Release|Any CPU.ActiveCfg = Release|Any CPU
		{F7A69543-FB38-4FD3-BD5B-FF97BEF4CC12}.Release|Any CPU.Build.0 = Release|Any CPU
		{F7A69543-FB38-4FD3-BD5B-FF97BEF4CC12}.Release|x64.ActiveCfg = Release|Any CPU
		{F7A69543-FB38-4FD3-BD5B-FF97BEF4CC12}.Release|x64.Build.0 = Release|Any CPU
		{F7A69543-FB38-4FD3-BD5B-FF97BEF4CC12}.Release|x86.ActiveCfg = Release|Any CPU
		{F7A69543-FB38-4FD3-BD5B-FF97BEF4CC12}.Release|x86.Build.0 = Release|Any CPU
		{1FD4A745-21F1-401D-AD37-275841EF1182}.Debug|Any CPU.ActiveCfg = Debug|Any CPU
		{1FD4A745-21F1-401D-AD37-275841EF1182}.Debug|Any CPU.Build.0 = Debug|Any CPU
		{1FD4A745-21F1-401D-AD37-275841EF1182}.Debug|x64.ActiveCfg = Debug|Any CPU
		{1FD4A745-21F1-401D-AD37-275841EF1182}.Debug|x64.Build.0 = Debug|Any CPU
		{1FD4A745-21F1-401D-AD37-275841EF1182}.Debug|x86.ActiveCfg = Debug|Any CPU
		{1FD4A745-21F1-401D-AD37-275841EF1182}.Debug|x86.Build.0 = Debug|Any CPU
		{1FD4A745-21F1-401D-AD37-275841EF1182}.Release|Any CPU.ActiveCfg = Release|Any CPU
		{1FD4A745-21F1-401D-AD37-275841EF1182}.Release|Any CPU.Build.0 = Release|Any CPU
		{1FD4A745-21F1-401D-AD37-275841EF1182}.Release|x64.ActiveCfg = Release|Any CPU
		{1FD4A745-21F1-401D-AD37-275841EF1182}.Release|x64.Build.0 = Release|Any CPU
		{1FD4A745-21F1-401D-AD37-275841EF1182}.Release|x86.ActiveCfg = Release|Any CPU
		{1FD4A745-21F1-401D-AD37-275841EF1182}.Release|x86.Build.0 = Release|Any CPU
	EndGlobalSection
	GlobalSection(NestedProjects) = preSolution
		{DE90D377-D13D-4AEB-AB76-4BFD7ADF291A} = {98A271D2-8AAB-415C-B8DD-C4A29EFBCA8D}
		{0EF1CD6B-AEA4-4385-A1EE-AB6A380E66B4} = {98A271D2-8AAB-415C-B8DD-C4A29EFBCA8D}
		{2EDDA308-6EF0-4C29-8103-3ABC79BC2F5F} = {98A271D2-8AAB-415C-B8DD-C4A29EFBCA8D}
		{047E7D16-B416-4FF8-9C28-BBB5A2D9F303} = {98A271D2-8AAB-415C-B8DD-C4A29EFBCA8D}
		{75C0C178-5A08-428F-AD11-85F750CE3921} = {98A271D2-8AAB-415C-B8DD-C4A29EFBCA8D}
		{99904622-B52D-45F6-AC4D-4C35C730D335} = {98A271D2-8AAB-415C-B8DD-C4A29EFBCA8D}
		{F7A69543-FB38-4FD3-BD5B-FF97BEF4CC12} = {98A271D2-8AAB-415C-B8DD-C4A29EFBCA8D}
		{1FD4A745-21F1-401D-AD37-275841EF1182} = {98A271D2-8AAB-415C-B8DD-C4A29EFBCA8D}
	EndGlobalSection
EndGlobal
